
Microsoft Visual Studio Solution File, Format Version 12.00
# Visual Studio Version 17
VisualStudioVersion = 17.1.32407.343
MinimumVisualStudioVersion = 10.0.40219.1
Project("{FAE04EC0-301F-11D3-BF4B-00C04F79EFBC}") = "React-Northwind", "React-Northwind\React-Northwind.csproj", "{2DCC2790-DB0F-4174-9EB7-40A65B41FFAF}"
EndProject
Global
	GlobalSection(SolutionConfigurationPlatforms) = preSolution
		Debug|Any CPU = Debug|Any CPU
		Release|Any CPU = Release|Any CPU
	EndGlobalSection
	GlobalSection(ProjectConfigurationPlatforms) = postSolution
		{2DCC2790-DB0F-4174-9EB7-40A65B41FFAF}.Debug|Any CPU.ActiveCfg = Debug|Any CPU
		{2DCC2790-DB0F-4174-9EB7-40A65B41FFAF}.Debug|Any CPU.Build.0 = Debug|Any CPU
		{2DCC2790-DB0F-4174-9EB7-40A65B41FFAF}.Release|Any CPU.ActiveCfg = Release|Any CPU
		{2DCC2790-DB0F-4174-9EB7-40A65B41FFAF}.Release|Any CPU.Build.0 = Release|Any CPU
	EndGlobalSection
	GlobalSection(SolutionProperties) = preSolution
		HideSolutionNode = FALSE
	EndGlobalSection
	GlobalSection(ExtensibilityGlobals) = postSolution
		SolutionGuid = {F906C19C-5FAD-4651-BC20-82E2B144D8C8}
	EndGlobalSection
EndGlobal
